
Microsoft Visual Studio Solution File, Format Version 12.00
# Visual Studio Version 16
VisualStudioVersion = 16.0.28917.181
MinimumVisualStudioVersion = 10.0.40219.1
Project("{9A19103F-16F7-4668-BE54-9A1E7A4F7556}") = "LearningExercises", "LearningExercises\LearningExercises.csproj", "{C65797E6-E5E7-4AFE-B5F5-BB98623A4F1E}"
EndProject
Project("{9A19103F-16F7-4668-BE54-9A1E7A4F7556}") = "LearningExercises.Tests", "LearningExercises.Tests\LearningExercises.Tests.csproj", "{6086DB72-D4DE-4A3D-9E6E-050C2CF4E358}"
EndProject
Global
	GlobalSection(SolutionConfigurationPlatforms) = preSolution
		Debug|Any CPU = Debug|Any CPU
		Release|Any CPU = Release|Any CPU
	EndGlobalSection
	GlobalSection(ProjectConfigurationPlatforms) = postSolution
		{C65797E6-E5E7-4AFE-B5F5-BB98623A4F1E}.Debug|Any CPU.ActiveCfg = Debug|Any CPU
		{C65797E6-E5E7-4AFE-B5F5-BB98623A4F1E}.Debug|Any CPU.Build.0 = Debug|Any CPU
		{C65797E6-E5E7-4AFE-B5F5-BB98623A4F1E}.Release|Any CPU.ActiveCfg = Release|Any CPU
		{C65797E6-E5E7-4AFE-B5F5-BB98623A4F1E}.Release|Any CPU.Build.0 = Release|Any CPU
		{6086DB72-D4DE-4A3D-9E6E-050C2CF4E358}.Debug|Any CPU.ActiveCfg = Debug|Any CPU
		{6086DB72-D4DE-4A3D-9E6E-050C2CF4E358}.Debug|Any CPU.Build.0 = Debug|Any CPU
		{6086DB72-D4DE-4A3D-9E6E-050C2CF4E358}.Release|Any CPU.ActiveCfg = Release|Any CPU
		{6086DB72-D4DE-4A3D-9E6E-050C2CF4E358}.Release|Any CPU.Build.0 = Release|Any CPU
	EndGlobalSection
	GlobalSection(SolutionProperties) = preSolution
		HideSolutionNode = FALSE
	EndGlobalSection
	GlobalSection(ExtensibilityGlobals) = postSolution
		SolutionGuid = {04B0E18E-E6C2-415A-85FE-45F79E1DEB65}
	EndGlobalSection
EndGlobal
